PODS:
  - flt_video_player (1.0.0):
    - Flutter
    - TXLiteAVSDK_Player
  - Flutter (1.0.0)
  - orientation (0.0.1):
    - Flutter
  - TXLiteAVSDK_Player (9.2.10637)

DEPENDENCIES:
  - flt_video_player (from `.symlinks/plugins/flt_video_player/ios`)
  - Flutter (from `Flutter`)
  - orientation (from `.symlinks/plugins/orientation/ios`)

SPEC REPOS:
  trunk:
    - TXLiteAVSDK_Player

EXTERNAL SOURCES:
  flt_video_player:
    :path: ".symlinks/plugins/flt_video_player/ios"
  Flutter:
    :path: Flutter
  orientation:
    :path: ".symlinks/plugins/orientation/ios"

SPEC CHECKSUMS:
  flt_video_player: b22e5e3f4a408e50e5bf28a81f52a891bced35a3
  Flutter: 50d75fe2f02b26cc09d224853bb45737f8b3214a
  orientation: 6c9203efe86ce4cff379756910f18b2d745628c3
  TXLiteAVSDK_Player: 300e6fc7262ae095ee13b18d7d821c5fae0996f9

PODFILE CHECKSUM: 8e679eca47255a8ca8067c4c67aab20e64cb974d

COCOAPODS: 1.10.1
