PODS:
  - flt_video_player (0.0.1):
    - Flutter
    - TXLiteAVSDK_Player
  - Flutter (1.0.0)
  - TXLiteAVSDK_Player (5.4.6097)

DEPENDENCIES:
  - flt_video_player (from `.symlinks/plugins/flt_video_player/ios`)
  - Flutter (from `.symlinks/flutter/ios`)

SPEC REPOS:
  https://github.com/cocoapods/specs.git:
    - TXLiteAVSDK_Player

EXTERNAL SOURCES:
  flt_video_player:
    :path: ".symlinks/plugins/flt_video_player/ios"
  Flutter:
    :path: ".symlinks/flutter/ios"

SPEC CHECKSUMS:
  flt_video_player: 728f965e43d0ddb2147a670306497ff23ef090ba
  Flutter: 9d0fac939486c9aba2809b7982dfdbb47a7b0296
  TXLiteAVSDK_Player: 3465cf9ca986016e64c8c66694abb39f213a1492

PODFILE CHECKSUM: aff02bfeed411c636180d6812254b2daeea14d09

COCOAPODS: 1.5.3
